
Microsoft Visual Studio Solution File, Format Version 12.00
# Visual Studio Version 16
VisualStudioVersion = 16.0.30907.101
MinimumVisualStudioVersion = 10.0.40219.1
Project("{FAE04EC0-301F-11D3-BF4B-00C04F79EFBC}") = "ATIVIDADE2", "ATIVIDADE2\ATIVIDADE2.csproj", "{C52AE068-18DC-4092-877B-C2EA0D140237}"
EndProject
Global
	GlobalSection(SolutionConfigurationPlatforms) = preSolution
		Debug|Any CPU = Debug|Any CPU
		Release|Any CPU = Release|Any CPU
	EndGlobalSection
	GlobalSection(ProjectConfigurationPlatforms) = postSolution
		{C52AE068-18DC-4092-877B-C2EA0D140237}.Debug|Any CPU.ActiveCfg = Debug|Any CPU
		{C52AE068-18DC-4092-877B-C2EA0D140237}.Debug|Any CPU.Build.0 = Debug|Any CPU
		{C52AE068-18DC-4092-877B-C2EA0D140237}.Release|Any CPU.ActiveCfg = Release|Any CPU
		{C52AE068-18DC-4092-877B-C2EA0D140237}.Release|Any CPU.Build.0 = Release|Any CPU
	EndGlobalSection
	GlobalSection(SolutionProperties) = preSolution
		HideSolutionNode = FALSE
	EndGlobalSection
	GlobalSection(ExtensibilityGlobals) = postSolution
		SolutionGuid = {AA88FC92-EAEE-4FE8-B4F5-DCDBD4B9AA25}
	EndGlobalSection
EndGlobal
