
Microsoft Visual Studio Solution File, Format Version 12.00
# Visual Studio Version 16
VisualStudioVersion = 16.0.30907.101
MinimumVisualStudioVersion = 10.0.40219.1
Project("{FAE04EC0-301F-11D3-BF4B-00C04F79EFBC}") = "ATIVIDADE3", "ATIVIDADE3\ATIVIDADE3.csproj", "{10C830FE-1D32-4A89-9F12-9A65E72A6E19}"
EndProject
Global
	GlobalSection(SolutionConfigurationPlatforms) = preSolution
		Debug|Any CPU = Debug|Any CPU
		Release|Any CPU = Release|Any CPU
	EndGlobalSection
	GlobalSection(ProjectConfigurationPlatforms) = postSolution
		{10C830FE-1D32-4A89-9F12-9A65E72A6E19}.Debug|Any CPU.ActiveCfg = Debug|Any CPU
		{10C830FE-1D32-4A89-9F12-9A65E72A6E19}.Debug|Any CPU.Build.0 = Debug|Any CPU
		{10C830FE-1D32-4A89-9F12-9A65E72A6E19}.Release|Any CPU.ActiveCfg = Release|Any CPU
		{10C830FE-1D32-4A89-9F12-9A65E72A6E19}.Release|Any CPU.Build.0 = Release|Any CPU
	EndGlobalSection
	GlobalSection(SolutionProperties) = preSolution
		HideSolutionNode = FALSE
	EndGlobalSection
	GlobalSection(ExtensibilityGlobals) = postSolution
		SolutionGuid = {3D9BD74F-54E3-4D07-8468-3DECB0C19BBB}
	EndGlobalSection
EndGlobal
